
Microsoft Visual Studio Solution File, Format Version 12.00
# Visual Studio 14
VisualStudioVersion = 14.0.25420.1
MinimumVisualStudioVersion = 10.0.40219.1
Project("{FAE04EC0-301F-11D3-BF4B-00C04F79EFBC}") = "StarformNET", "StarformNet\StarformNET.csproj", "{EDE19080-B97B-418C-86B8-909512579C1D}"
EndProject
Project("{FAE04EC0-301F-11D3-BF4B-00C04F79EFBC}") = "StarformNET.UnitTests", "StarformNET.UnitTests\StarformNET.UnitTests.csproj", "{007DC822-6B48-4543-B919-6625785C6808}"
EndProject
Project("{FAE04EC0-301F-11D3-BF4B-00C04F79EFBC}") = "StarformNET.Console", "StarformNET.Console\StarformNET.Console.csproj", "{AE8D5137-BB27-4632-8B9C-10F4D2F0F408}"
	ProjectSection(ProjectDependencies) = postProject
		{EDE19080-B97B-418C-86B8-909512579C1D} = {EDE19080-B97B-418C-86B8-909512579C1D}
	EndProjectSection
EndProject
Global
	GlobalSection(SolutionConfigurationPlatforms) = preSolution
		Debug|Any CPU = Debug|Any CPU
		Release|Any CPU = Release|Any CPU
	EndGlobalSection
	GlobalSection(ProjectConfigurationPlatforms) = postSolution
		{EDE19080-B97B-418C-86B8-909512579C1D}.Debug|Any CPU.ActiveCfg = Debug|Any CPU
		{EDE19080-B97B-418C-86B8-909512579C1D}.Debug|Any CPU.Build.0 = Debug|Any CPU
		{EDE19080-B97B-418C-86B8-909512579C1D}.Release|Any CPU.ActiveCfg = Release|Any CPU
		{EDE19080-B97B-418C-86B8-909512579C1D}.Release|Any CPU.Build.0 = Release|Any CPU
		{007DC822-6B48-4543-B919-6625785C6808}.Debug|Any CPU.ActiveCfg = Debug|Any CPU
		{007DC822-6B48-4543-B919-6625785C6808}.Debug|Any CPU.Build.0 = Debug|Any CPU
		{007DC822-6B48-4543-B919-6625785C6808}.Release|Any CPU.ActiveCfg = Release|Any CPU
		{007DC822-6B48-4543-B919-6625785C6808}.Release|Any CPU.Build.0 = Release|Any CPU
		{AE8D5137-BB27-4632-8B9C-10F4D2F0F408}.Debug|Any CPU.ActiveCfg = Debug|Any CPU
		{AE8D5137-BB27-4632-8B9C-10F4D2F0F408}.Debug|Any CPU.Build.0 = Debug|Any CPU
		{AE8D5137-BB27-4632-8B9C-10F4D2F0F408}.Release|Any CPU.ActiveCfg = Release|Any CPU
		{AE8D5137-BB27-4632-8B9C-10F4D2F0F408}.Release|Any CPU.Build.0 = Release|Any CPU
	EndGlobalSection
	GlobalSection(SolutionProperties) = preSolution
		HideSolutionNode = FALSE
	EndGlobalSection
EndGlobal
